{
  "name": "node-pcm-mixer",
  "version": "0.1.0",
  "lockfileVersion": 3,
  "requires": true,
  "packages": {
    "": {
      "name": "node-pcm-mixer",
      "version": "0.1.0",
      "license": "ISC",
      "devDependencies": {
        "@neon-rs/cli": "0.1.82"
      }
    },
    "node_modules/@cargo-messages/darwin-x64": {
      "version": "0.1.81",
      "resolved": "https://registry.npmjs.org/@cargo-messages/darwin-x64/-/darwin-x64-0.1.81.tgz",
      "integrity": "sha512-Iu761bPk25Ce6yUdDCjjeVuT8/xbBmczyaNB7oYBmAZEE5rshvCJ42TqSShYYP+S7pKkN42nBhkFooaZrqaz9g==",
      "cpu": [
        "x64"
      ],
      "dev": true,
      "optional": true,
      "os": [
        "darwin"
      ]
    },
    "node_modules/@neon-rs/cli": {
      "version": "0.1.82",
      "resolved": "https://registry.npmjs.org/@neon-rs/cli/-/cli-0.1.82.tgz",
      "integrity": "sha512-QrlGPQp9KOGuMvjjua79lEV2QTcE16m8JatG5ITdQpBAwRQpDw5xab57W9130y2iUEfMzYtp7v6pcN1fUB0Exg==",
      "dev": true,
      "bin": {
        "neon": "index.js"
      },
      "optionalDependencies": {
        "@cargo-messages/android-arm-eabi": "0.1.81",
        "@cargo-messages/darwin-arm64": "0.1.81",
        "@cargo-messages/darwin-x64": "0.1.81",
        "@cargo-messages/linux-arm-gnueabihf": "0.1.81",
        "@cargo-messages/linux-arm64-gnu": "0.1.81",
        "@cargo-messages/linux-arm64-musl": "0.1.81",
        "@cargo-messages/linux-x64-gnu": "0.1.81",
        "@cargo-messages/linux-x64-musl": "0.1.81",
        "@cargo-messages/win32-arm64-msvc": "0.1.81",
        "@cargo-messages/win32-x64-msvc": "0.1.81"
      }
    }
  }
}
